
Microsoft Visual Studio Solution File, Format Version 12.00
# Visual Studio Version 16
VisualStudioVersion = 16.0.31112.23
MinimumVisualStudioVersion = 10.0.40219.1
Project("{9A19103F-16F7-4668-BE54-9A1E7A4F7556}") = "CS07_FileHandling", "CS07_FileHandling\CS07_FileHandling.csproj", "{964BE023-D5AD-47C8-9CB0-901E2944FC03}"
EndProject
Project("{FAE04EC0-301F-11D3-BF4B-00C04F79EFBC}") = "CS07_Linq2Xml", "CS07_Linq2Xml\CS07_Linq2Xml.csproj", "{BB4D66C3-49F4-467F-AE30-85D16505CC89}"
EndProject
Global
	GlobalSection(SolutionConfigurationPlatforms) = preSolution
		Debug|Any CPU = Debug|Any CPU
		Release|Any CPU = Release|Any CPU
	EndGlobalSection
	GlobalSection(ProjectConfigurationPlatforms) = postSolution
		{964BE023-D5AD-47C8-9CB0-901E2944FC03}.Debug|Any CPU.ActiveCfg = Debug|Any CPU
		{964BE023-D5AD-47C8-9CB0-901E2944FC03}.Debug|Any CPU.Build.0 = Debug|Any CPU
		{964BE023-D5AD-47C8-9CB0-901E2944FC03}.Release|Any CPU.ActiveCfg = Release|Any CPU
		{964BE023-D5AD-47C8-9CB0-901E2944FC03}.Release|Any CPU.Build.0 = Release|Any CPU
		{BB4D66C3-49F4-467F-AE30-85D16505CC89}.Debug|Any CPU.ActiveCfg = Debug|Any CPU
		{BB4D66C3-49F4-467F-AE30-85D16505CC89}.Debug|Any CPU.Build.0 = Debug|Any CPU
		{BB4D66C3-49F4-467F-AE30-85D16505CC89}.Release|Any CPU.ActiveCfg = Release|Any CPU
		{BB4D66C3-49F4-467F-AE30-85D16505CC89}.Release|Any CPU.Build.0 = Release|Any CPU
	EndGlobalSection
	GlobalSection(SolutionProperties) = preSolution
		HideSolutionNode = FALSE
	EndGlobalSection
	GlobalSection(ExtensibilityGlobals) = postSolution
		SolutionGuid = {7650991A-80EF-438B-9C58-00EA369100CC}
	EndGlobalSection
EndGlobal
